
Microsoft Visual Studio Solution File, Format Version 12.00
# Visual Studio 15
VisualStudioVersion = 15.0.26124.0
MinimumVisualStudioVersion = 15.0.26124.0
Project("{9A19103F-16F7-4668-BE54-9A1E7A4F7556}") = "spi_box2", "src\spi_box2\spi_box2.csproj", "{BB326C61-34FF-4DB2-A951-56055231480B}"
EndProject
Project("{FAE04EC0-301F-11D3-BF4B-00C04F79EFBC}") = "spi_box2_email", "src\spi_box2_email\spi_box2_email.csproj", "{D6664D02-DA19-41C8-B9D6-200D779E091E}"
EndProject
Global
	GlobalSection(SolutionConfigurationPlatforms) = preSolution
		Debug|Any CPU = Debug|Any CPU
		Debug|x64 = Debug|x64
		Debug|x86 = Debug|x86
		Release|Any CPU = Release|Any CPU
		Release|x64 = Release|x64
		Release|x86 = Release|x86
	EndGlobalSection
	GlobalSection(ProjectConfigurationPlatforms) = postSolution
		{BB326C61-34FF-4DB2-A951-56055231480B}.Debug|Any CPU.ActiveCfg = Debug|Any CPU
		{BB326C61-34FF-4DB2-A951-56055231480B}.Debug|Any CPU.Build.0 = Debug|Any CPU
		{BB326C61-34FF-4DB2-A951-56055231480B}.Debug|x64.ActiveCfg = Debug|Any CPU
		{BB326C61-34FF-4DB2-A951-56055231480B}.Debug|x64.Build.0 = Debug|Any CPU
		{BB326C61-34FF-4DB2-A951-56055231480B}.Debug|x86.ActiveCfg = Debug|Any CPU
		{BB326C61-34FF-4DB2-A951-56055231480B}.Debug|x86.Build.0 = Debug|Any CPU
		{BB326C61-34FF-4DB2-A951-56055231480B}.Release|Any CPU.ActiveCfg = Release|Any CPU
		{BB326C61-34FF-4DB2-A951-56055231480B}.Release|Any CPU.Build.0 = Release|Any CPU
		{BB326C61-34FF-4DB2-A951-56055231480B}.Release|x64.ActiveCfg = Release|Any CPU
		{BB326C61-34FF-4DB2-A951-56055231480B}.Release|x64.Build.0 = Release|Any CPU
		{BB326C61-34FF-4DB2-A951-56055231480B}.Release|x86.ActiveCfg = Release|Any CPU
		{BB326C61-34FF-4DB2-A951-56055231480B}.Release|x86.Build.0 = Release|Any CPU
		{D6664D02-DA19-41C8-B9D6-200D779E091E}.Debug|Any CPU.ActiveCfg = Debug|Any CPU
		{D6664D02-DA19-41C8-B9D6-200D779E091E}.Debug|Any CPU.Build.0 = Debug|Any CPU
		{D6664D02-DA19-41C8-B9D6-200D779E091E}.Debug|x64.ActiveCfg = Debug|Any CPU
		{D6664D02-DA19-41C8-B9D6-200D779E091E}.Debug|x64.Build.0 = Debug|Any CPU
		{D6664D02-DA19-41C8-B9D6-200D779E091E}.Debug|x86.ActiveCfg = Debug|Any CPU
		{D6664D02-DA19-41C8-B9D6-200D779E091E}.Debug|x86.Build.0 = Debug|Any CPU
		{D6664D02-DA19-41C8-B9D6-200D779E091E}.Release|Any CPU.ActiveCfg = Release|Any CPU
		{D6664D02-DA19-41C8-B9D6-200D779E091E}.Release|Any CPU.Build.0 = Release|Any CPU
		{D6664D02-DA19-41C8-B9D6-200D779E091E}.Release|x64.ActiveCfg = Release|Any CPU
		{D6664D02-DA19-41C8-B9D6-200D779E091E}.Release|x64.Build.0 = Release|Any CPU
		{D6664D02-DA19-41C8-B9D6-200D779E091E}.Release|x86.ActiveCfg = Release|Any CPU
		{D6664D02-DA19-41C8-B9D6-200D779E091E}.Release|x86.Build.0 = Release|Any CPU
	EndGlobalSection
	GlobalSection(SolutionProperties) = preSolution
		HideSolutionNode = FALSE
	EndGlobalSection
	GlobalSection(ExtensibilityGlobals) = postSolution
		SolutionGuid = {D5084CD7-C34B-476C-ADE3-6B22AAEAE2B1}
	EndGlobalSection
EndGlobal
